
Microsoft Visual Studio Solution File, Format Version 12.00
# Visual Studio Version 16
VisualStudioVersion = 16.0.28809.33
MinimumVisualStudioVersion = 10.0.40219.1
Project("{FAE04EC0-301F-11D3-BF4B-00C04F79EFBC}") = "Snake", "Snake\Snake.csproj", "{23DB5C7F-A17F-4E20-B928-B9B26EF9E821}"
EndProject
Global
	GlobalSection(SolutionConfigurationPlatforms) = preSolution
		Debug|Any CPU = Debug|Any CPU
		Release|Any CPU = Release|Any CPU
	EndGlobalSection
	GlobalSection(ProjectConfigurationPlatforms) = postSolution
		{23DB5C7F-A17F-4E20-B928-B9B26EF9E821}.Debug|Any CPU.ActiveCfg = Debug|Any CPU
		{23DB5C7F-A17F-4E20-B928-B9B26EF9E821}.Debug|Any CPU.Build.0 = Debug|Any CPU
		{23DB5C7F-A17F-4E20-B928-B9B26EF9E821}.Release|Any CPU.ActiveCfg = Release|Any CPU
		{23DB5C7F-A17F-4E20-B928-B9B26EF9E821}.Release|Any CPU.Build.0 = Release|Any CPU
	EndGlobalSection
	GlobalSection(SolutionProperties) = preSolution
		HideSolutionNode = FALSE
	EndGlobalSection
	GlobalSection(ExtensibilityGlobals) = postSolution
		SolutionGuid = {AEE7DB87-2231-4D5F-A141-24AF97347D81}
	EndGlobalSection
EndGlobal
